{
  "pins" : [
    {
      "identity" : "swiftlychordutilities",
      "kind" : "remoteSourceControl",
      "location" : "https://github.com/Desbeers/SwiftlyChordUtilities",
      "state" : {
        "branch" : "main",
        "revision" : "a258937c63be15109db5dafb701ed08f9c9e8b6d"
      }
    },
    {
      "identity" : "swiftlystructcache",
      "kind" : "remoteSourceControl",
      "location" : "https://github.com/Desbeers/SwiftlyStructCache",
      "state" : {
        "branch" : "main",
        "revision" : "e9b371734411f18e98982944ad213756b7f891fb"
      }
    }
  ],
  "version" : 2
}
