{
  "pins" : [
    {
      "identity" : "swiftyguitarchords",
      "kind" : "remoteSourceControl",
      "location" : "https://github.com/BeauNouvelle/SwiftyGuitarChords.git",
      "state" : {
        "branch" : "main",
        "revision" : "7a93570cb9f24c3b2fc2400456e3b5ae58505a25"
      }
    }
  ],
  "version" : 2
}
