// !$*UTF8*$!
{
	archiveVersion = 1;
	classes = {
	};
	objectVersion = 56;
	objects = {

/* Begin PBXBuildFile section */
		D706D00F2ABC23A200EDE2D9 /* ChordsModel.swift in Sources */ = {isa = PBXBuildFile; fileRef = D706D00E2ABC23A200EDE2D9 /* ChordsModel.swift */; };
		D72DAFA12AB452C200DA0E65 /* DiagramView.swift in Sources */ = {isa = PBXBuildFile; fileRef = D72DAFA02AB452C200DA0E65 /* DiagramView.swift */; };
		D7622B452ABEDB28008CAC63 /* CreateView.swift in Sources */ = {isa = PBXBuildFile; fileRef = D7622B442ABEDB28008CAC63 /* CreateView.swift */; };
		D79640362AB3702F00BA8A07 /* DisplayOptionsView.swift in Sources */ = {isa = PBXBuildFile; fileRef = D79640352AB3702F00BA8A07 /* DisplayOptionsView.swift */; };
		D7A097452AB09386007BFB76 /* SidebarView.swift in Sources */ = {isa = PBXBuildFile; fileRef = D7A097442AB09386007BFB76 /* SidebarView.swift */; };
		D7A097472AB09393007BFB76 /* DetailView.swift in Sources */ = {isa = PBXBuildFile; fileRef = D7A097462AB09393007BFB76 /* DetailView.swift */; };
		D7A0974A2AB09425007BFB76 /* Router.swift in Sources */ = {isa = PBXBuildFile; fileRef = D7A097492AB09425007BFB76 /* Router.swift */; };
		D7A0974C2AB095FB007BFB76 /* ContentView.swift in Sources */ = {isa = PBXBuildFile; fileRef = D7A0974B2AB095FB007BFB76 /* ContentView.swift */; };
		D7A0974E2AB097B1007BFB76 /* DefineView.swift in Sources */ = {isa = PBXBuildFile; fileRef = D7A0974D2AB097B1007BFB76 /* DefineView.swift */; };
		D7A097502AB097BC007BFB76 /* LookupView.swift in Sources */ = {isa = PBXBuildFile; fileRef = D7A0974F2AB097BC007BFB76 /* LookupView.swift */; };
		D7A097522AB106F0007BFB76 /* GridView.swift in Sources */ = {isa = PBXBuildFile; fileRef = D7A097512AB106F0007BFB76 /* GridView.swift */; };
		D7A097542AB10CB0007BFB76 /* Enums.swift in Sources */ = {isa = PBXBuildFile; fileRef = D7A097532AB10CB0007BFB76 /* Enums.swift */; };
		D7AD36812AACB12B00E574EF /* PartsView.swift in Sources */ = {isa = PBXBuildFile; fileRef = D7AD36802AACB12B00E574EF /* PartsView.swift */; };
		D7B2B8512AB5EEF700273ED5 /* SwiftlyChordUtilities in Frameworks */ = {isa = PBXBuildFile; productRef = D7B2B8502AB5EEF700273ED5 /* SwiftlyChordUtilities */; };
		D7EC19392AAA0546001973BA /* SwiftlyChordDemoApp.swift in Sources */ = {isa = PBXBuildFile; fileRef = D7EC19382AAA0546001973BA /* SwiftlyChordDemoApp.swift */; };
		D7EC193B2AAA0546001973BA /* DatabaseView.swift in Sources */ = {isa = PBXBuildFile; fileRef = D7EC193A2AAA0546001973BA /* DatabaseView.swift */; };
		D7EC193D2AAA0547001973BA /* Assets.xcassets in Resources */ = {isa = PBXBuildFile; fileRef = D7EC193C2AAA0547001973BA /* Assets.xcassets */; };
		D7EC19412AAA0547001973BA /* Preview Assets.xcassets in Resources */ = {isa = PBXBuildFile; fileRef = D7EC19402AAA0547001973BA /* Preview Assets.xcassets */; };
/* End PBXBuildFile section */

/* Begin PBXFileReference section */
		D706D00E2ABC23A200EDE2D9 /* ChordsModel.swift */ = {isa = PBXFileReference; lastKnownFileType = sourcecode.swift; path = ChordsModel.swift; sourceTree = "<group>"; };
		D72DAFA02AB452C200DA0E65 /* DiagramView.swift */ = {isa = PBXFileReference; lastKnownFileType = sourcecode.swift; path = DiagramView.swift; sourceTree = "<group>"; };
		D7622B442ABEDB28008CAC63 /* CreateView.swift */ = {isa = PBXFileReference; lastKnownFileType = sourcecode.swift; path = CreateView.swift; sourceTree = "<group>"; };
		D79640352AB3702F00BA8A07 /* DisplayOptionsView.swift */ = {isa = PBXFileReference; lastKnownFileType = sourcecode.swift; path = DisplayOptionsView.swift; sourceTree = "<group>"; };
		D7A097442AB09386007BFB76 /* SidebarView.swift */ = {isa = PBXFileReference; lastKnownFileType = sourcecode.swift; path = SidebarView.swift; sourceTree = "<group>"; };
		D7A097462AB09393007BFB76 /* DetailView.swift */ = {isa = PBXFileReference; lastKnownFileType = sourcecode.swift; path = DetailView.swift; sourceTree = "<group>"; };
		D7A097492AB09425007BFB76 /* Router.swift */ = {isa = PBXFileReference; lastKnownFileType = sourcecode.swift; path = Router.swift; sourceTree = "<group>"; };
		D7A0974B2AB095FB007BFB76 /* ContentView.swift */ = {isa = PBXFileReference; lastKnownFileType = sourcecode.swift; path = ContentView.swift; sourceTree = "<group>"; };
		D7A0974D2AB097B1007BFB76 /* DefineView.swift */ = {isa = PBXFileReference; lastKnownFileType = sourcecode.swift; path = DefineView.swift; sourceTree = "<group>"; };
		D7A0974F2AB097BC007BFB76 /* LookupView.swift */ = {isa = PBXFileReference; lastKnownFileType = sourcecode.swift; path = LookupView.swift; sourceTree = "<group>"; };
		D7A097512AB106F0007BFB76 /* GridView.swift */ = {isa = PBXFileReference; lastKnownFileType = sourcecode.swift; path = GridView.swift; sourceTree = "<group>"; };
		D7A097532AB10CB0007BFB76 /* Enums.swift */ = {isa = PBXFileReference; lastKnownFileType = sourcecode.swift; path = Enums.swift; sourceTree = "<group>"; };
		D7AD36802AACB12B00E574EF /* PartsView.swift */ = {isa = PBXFileReference; lastKnownFileType = sourcecode.swift; path = PartsView.swift; sourceTree = "<group>"; };
		D7EC19352AAA0546001973BA /* Swiftly Chord Demo.app */ = {isa = PBXFileReference; explicitFileType = wrapper.application; includeInIndex = 0; path = "Swiftly Chord Demo.app"; sourceTree = BUILT_PRODUCTS_DIR; };
		D7EC19382AAA0546001973BA /* SwiftlyChordDemoApp.swift */ = {isa = PBXFileReference; lastKnownFileType = sourcecode.swift; path = SwiftlyChordDemoApp.swift; sourceTree = "<group>"; };
		D7EC193A2AAA0546001973BA /* DatabaseView.swift */ = {isa = PBXFileReference; lastKnownFileType = sourcecode.swift; path = DatabaseView.swift; sourceTree = "<group>"; };
		D7EC193C2AAA0547001973BA /* Assets.xcassets */ = {isa = PBXFileReference; lastKnownFileType = folder.assetcatalog; path = Assets.xcassets; sourceTree = "<group>"; };
		D7EC193E2AAA0547001973BA /* SwiftlyChordDemo.entitlements */ = {isa = PBXFileReference; lastKnownFileType = text.plist.entitlements; path = SwiftlyChordDemo.entitlements; sourceTree = "<group>"; };
		D7EC19402AAA0547001973BA /* Preview Assets.xcassets */ = {isa = PBXFileReference; lastKnownFileType = folder.assetcatalog; path = "Preview Assets.xcassets"; sourceTree = "<group>"; };
/* End PBXFileReference section */

/* Begin PBXFrameworksBuildPhase section */
		D7EC19322AAA0546001973BA /* Frameworks */ = {
			isa = PBXFrameworksBuildPhase;
			buildActionMask = 2147483647;
			files = (
				D7B2B8512AB5EEF700273ED5 /* SwiftlyChordUtilities in Frameworks */,
			);
			runOnlyForDeploymentPostprocessing = 0;
		};
/* End PBXFrameworksBuildPhase section */

/* Begin PBXGroup section */
		D7A097482AB093AE007BFB76 /* Views */ = {
			isa = PBXGroup;
			children = (
				D7A0974B2AB095FB007BFB76 /* ContentView.swift */,
				D7A097442AB09386007BFB76 /* SidebarView.swift */,
				D7A097462AB09393007BFB76 /* DetailView.swift */,
				D7EC193A2AAA0546001973BA /* DatabaseView.swift */,
				D7622B442ABEDB28008CAC63 /* CreateView.swift */,
				D7A0974D2AB097B1007BFB76 /* DefineView.swift */,
				D7A0974F2AB097BC007BFB76 /* LookupView.swift */,
				D7A097512AB106F0007BFB76 /* GridView.swift */,
				D79640352AB3702F00BA8A07 /* DisplayOptionsView.swift */,
				D72DAFA02AB452C200DA0E65 /* DiagramView.swift */,
				D7AD36802AACB12B00E574EF /* PartsView.swift */,
			);
			path = Views;
			sourceTree = "<group>";
		};
		D7EC192C2AAA0546001973BA = {
			isa = PBXGroup;
			children = (
				D7EC19372AAA0546001973BA /* Swiftly Chord Demo */,
				D7EC19362AAA0546001973BA /* Products */,
			);
			sourceTree = "<group>";
		};
		D7EC19362AAA0546001973BA /* Products */ = {
			isa = PBXGroup;
			children = (
				D7EC19352AAA0546001973BA /* Swiftly Chord Demo.app */,
			);
			name = Products;
			sourceTree = "<group>";
		};
		D7EC19372AAA0546001973BA /* Swiftly Chord Demo */ = {
			isa = PBXGroup;
			children = (
				D7EC19382AAA0546001973BA /* SwiftlyChordDemoApp.swift */,
				D7A097492AB09425007BFB76 /* Router.swift */,
				D7A097532AB10CB0007BFB76 /* Enums.swift */,
				D706D00E2ABC23A200EDE2D9 /* ChordsModel.swift */,
				D7A097482AB093AE007BFB76 /* Views */,
				D7EC193C2AAA0547001973BA /* Assets.xcassets */,
				D7EC193E2AAA0547001973BA /* SwiftlyChordDemo.entitlements */,
				D7EC193F2AAA0547001973BA /* Preview Content */,
			);
			path = "Swiftly Chord Demo";
			sourceTree = "<group>";
		};
		D7EC193F2AAA0547001973BA /* Preview Content */ = {
			isa = PBXGroup;
			children = (
				D7EC19402AAA0547001973BA /* Preview Assets.xcassets */,
			);
			path = "Preview Content";
			sourceTree = "<group>";
		};
/* End PBXGroup section */

/* Begin PBXNativeTarget section */
		D7EC19342AAA0546001973BA /* Swiftly Chord Demo */ = {
			isa = PBXNativeTarget;
			buildConfigurationList = D7EC19442AAA0547001973BA /* Build configuration list for PBXNativeTarget "Swiftly Chord Demo" */;
			buildPhases = (
				D7EC19312AAA0546001973BA /* Sources */,
				D7EC19322AAA0546001973BA /* Frameworks */,
				D7EC19332AAA0546001973BA /* Resources */,
				D7D05E9B2AB5C9B10044670A /* SwiftLint */,
			);
			buildRules = (
			);
			dependencies = (
			);
			name = "Swiftly Chord Demo";
			packageProductDependencies = (
				D7B2B8502AB5EEF700273ED5 /* SwiftlyChordUtilities */,
			);
			productName = ChordTest;
			productReference = D7EC19352AAA0546001973BA /* Swiftly Chord Demo.app */;
			productType = "com.apple.product-type.application";
		};
/* End PBXNativeTarget section */

/* Begin PBXProject section */
		D7EC192D2AAA0546001973BA /* Project object */ = {
			isa = PBXProject;
			attributes = {
				BuildIndependentTargetsInParallel = 1;
				LastSwiftUpdateCheck = 1500;
				LastUpgradeCheck = 1530;
				TargetAttributes = {
					D7EC19342AAA0546001973BA = {
						CreatedOnToolsVersion = 15.0;
					};
				};
			};
			buildConfigurationList = D7EC19302AAA0546001973BA /* Build configuration list for PBXProject "Swiftly Chord Demo" */;
			compatibilityVersion = "Xcode 14.0";
			developmentRegion = en;
			hasScannedForEncodings = 0;
			knownRegions = (
				en,
				Base,
			);
			mainGroup = D7EC192C2AAA0546001973BA;
			packageReferences = (
				D7B2B84F2AB5EEF700273ED5 /* XCRemoteSwiftPackageReference "SwiftlyChordUtilities" */,
			);
			productRefGroup = D7EC19362AAA0546001973BA /* Products */;
			projectDirPath = "";
			projectRoot = "";
			targets = (
				D7EC19342AAA0546001973BA /* Swiftly Chord Demo */,
			);
		};
/* End PBXProject section */

/* Begin PBXResourcesBuildPhase section */
		D7EC19332AAA0546001973BA /* Resources */ = {
			isa = PBXResourcesBuildPhase;
			buildActionMask = 2147483647;
			files = (
				D7EC19412AAA0547001973BA /* Preview Assets.xcassets in Resources */,
				D7EC193D2AAA0547001973BA /* Assets.xcassets in Resources */,
			);
			runOnlyForDeploymentPostprocessing = 0;
		};
/* End PBXResourcesBuildPhase section */

/* Begin PBXShellScriptBuildPhase section */
		D7D05E9B2AB5C9B10044670A /* SwiftLint */ = {
			isa = PBXShellScriptBuildPhase;
			alwaysOutOfDate = 1;
			buildActionMask = 2147483647;
			files = (
			);
			inputFileListPaths = (
			);
			inputPaths = (
			);
			name = SwiftLint;
			outputFileListPaths = (
			);
			outputPaths = (
			);
			runOnlyForDeploymentPostprocessing = 0;
			shellPath = /bin/sh;
			shellScript = "if which /opt/homebrew/bin/swiftlint >/dev/null; then\n  /opt/homebrew/bin/swiftlint --no-cache\nelse\n  echo \"warning: SwiftLint not installed, download from https://github.com/realm/SwiftLint\"\nfi\n";
		};
/* End PBXShellScriptBuildPhase section */

/* Begin PBXSourcesBuildPhase section */
		D7EC19312AAA0546001973BA /* Sources */ = {
			isa = PBXSourcesBuildPhase;
			buildActionMask = 2147483647;
			files = (
				D7A097502AB097BC007BFB76 /* LookupView.swift in Sources */,
				D7EC193B2AAA0546001973BA /* DatabaseView.swift in Sources */,
				D7A0974E2AB097B1007BFB76 /* DefineView.swift in Sources */,
				D79640362AB3702F00BA8A07 /* DisplayOptionsView.swift in Sources */,
				D7622B452ABEDB28008CAC63 /* CreateView.swift in Sources */,
				D7A097452AB09386007BFB76 /* SidebarView.swift in Sources */,
				D7A0974C2AB095FB007BFB76 /* ContentView.swift in Sources */,
				D706D00F2ABC23A200EDE2D9 /* ChordsModel.swift in Sources */,
				D7AD36812AACB12B00E574EF /* PartsView.swift in Sources */,
				D7A097472AB09393007BFB76 /* DetailView.swift in Sources */,
				D7A0974A2AB09425007BFB76 /* Router.swift in Sources */,
				D7A097522AB106F0007BFB76 /* GridView.swift in Sources */,
				D7EC19392AAA0546001973BA /* SwiftlyChordDemoApp.swift in Sources */,
				D7A097542AB10CB0007BFB76 /* Enums.swift in Sources */,
				D72DAFA12AB452C200DA0E65 /* DiagramView.swift in Sources */,
			);
			runOnlyForDeploymentPostprocessing = 0;
		};
/* End PBXSourcesBuildPhase section */

/* Begin XCBuildConfiguration section */
		D7EC19422AAA0547001973BA /* Debug */ = {
			isa = XCBuildConfiguration;
			buildSettings = {
				ALWAYS_SEARCH_USER_PATHS = NO;
				ASSETCATALOG_COMPILER_GENERATE_SWIFT_ASSET_SYMBOL_EXTENSIONS = YES;
				CLANG_ANALYZER_NONNULL = YES;
				CLANG_ANALYZER_NUMBER_OBJECT_CONVERSION = YES_AGGRESSIVE;
				CLANG_CXX_LANGUAGE_STANDARD = "gnu++20";
				CLANG_ENABLE_MODULES = YES;
				CLANG_ENABLE_OBJC_ARC = YES;
				CLANG_ENABLE_OBJC_WEAK = YES;
				CLANG_WARN_BLOCK_CAPTURE_AUTORELEASING = YES;
				CLANG_WARN_BOOL_CONVERSION = YES;
				CLANG_WARN_COMMA = YES;
				CLANG_WARN_CONSTANT_CONVERSION = YES;
				CLANG_WARN_DEPRECATED_OBJC_IMPLEMENTATIONS = YES;
				CLANG_WARN_DIRECT_OBJC_ISA_USAGE = YES_ERROR;
				CLANG_WARN_DOCUMENTATION_COMMENTS = YES;
				CLANG_WARN_EMPTY_BODY = YES;
				CLANG_WARN_ENUM_CONVERSION = YES;
				CLANG_WARN_INFINITE_RECURSION = YES;
				CLANG_WARN_INT_CONVERSION = YES;
				CLANG_WARN_NON_LITERAL_NULL_CONVERSION = YES;
				CLANG_WARN_OBJC_IMPLICIT_RETAIN_SELF = YES;
				CLANG_WARN_OBJC_LITERAL_CONVERSION = YES;
				CLANG_WARN_OBJC_ROOT_CLASS = YES_ERROR;
				CLANG_WARN_QUOTED_INCLUDE_IN_FRAMEWORK_HEADER = YES;
				CLANG_WARN_RANGE_LOOP_ANALYSIS = YES;
				CLANG_WARN_STRICT_PROTOTYPES = YES;
				CLANG_WARN_SUSPICIOUS_MOVE = YES;
				CLANG_WARN_UNGUARDED_AVAILABILITY = YES_AGGRESSIVE;
				CLANG_WARN_UNREACHABLE_CODE = YES;
				CLANG_WARN__DUPLICATE_METHOD_MATCH = YES;
				COPY_PHASE_STRIP = NO;
				DEAD_CODE_STRIPPING = YES;
				DEBUG_INFORMATION_FORMAT = dwarf;
				ENABLE_STRICT_OBJC_MSGSEND = YES;
				ENABLE_TESTABILITY = YES;
				ENABLE_USER_SCRIPT_SANDBOXING = YES;
				GCC_C_LANGUAGE_STANDARD = gnu17;
				GCC_DYNAMIC_NO_PIC = NO;
				GCC_NO_COMMON_BLOCKS = YES;
				GCC_OPTIMIZATION_LEVEL = 0;
				GCC_PREPROCESSOR_DEFINITIONS = (
					"DEBUG=1",
					"$(inherited)",
				);
				GCC_WARN_64_TO_32_BIT_CONVERSION = YES;
				GCC_WARN_ABOUT_RETURN_TYPE = YES_ERROR;
				GCC_WARN_UNDECLARED_SELECTOR = YES;
				GCC_WARN_UNINITIALIZED_AUTOS = YES_AGGRESSIVE;
				GCC_WARN_UNUSED_FUNCTION = YES;
				GCC_WARN_UNUSED_VARIABLE = YES;
				LOCALIZATION_PREFERS_STRING_CATALOGS = YES;
				MTL_ENABLE_DEBUG_INFO = INCLUDE_SOURCE;
				MTL_FAST_MATH = YES;
				ONLY_ACTIVE_ARCH = YES;
				SWIFT_ACTIVE_COMPILATION_CONDITIONS = "DEBUG $(inherited)";
				SWIFT_OPTIMIZATION_LEVEL = "-Onone";
			};
			name = Debug;
		};
		D7EC19432AAA0547001973BA /* Release */ = {
			isa = XCBuildConfiguration;
			buildSettings = {
				ALWAYS_SEARCH_USER_PATHS = NO;
				ASSETCATALOG_COMPILER_GENERATE_SWIFT_ASSET_SYMBOL_EXTENSIONS = YES;
				CLANG_ANALYZER_NONNULL = YES;
				CLANG_ANALYZER_NUMBER_OBJECT_CONVERSION = YES_AGGRESSIVE;
				CLANG_CXX_LANGUAGE_STANDARD = "gnu++20";
				CLANG_ENABLE_MODULES = YES;
				CLANG_ENABLE_OBJC_ARC = YES;
				CLANG_ENABLE_OBJC_WEAK = YES;
				CLANG_WARN_BLOCK_CAPTURE_AUTORELEASING = YES;
				CLANG_WARN_BOOL_CONVERSION = YES;
				CLANG_WARN_COMMA = YES;
				CLANG_WARN_CONSTANT_CONVERSION = YES;
				CLANG_WARN_DEPRECATED_OBJC_IMPLEMENTATIONS = YES;
				CLANG_WARN_DIRECT_OBJC_ISA_USAGE = YES_ERROR;
				CLANG_WARN_DOCUMENTATION_COMMENTS = YES;
				CLANG_WARN_EMPTY_BODY = YES;
				CLANG_WARN_ENUM_CONVERSION = YES;
				CLANG_WARN_INFINITE_RECURSION = YES;
				CLANG_WARN_INT_CONVERSION = YES;
				CLANG_WARN_NON_LITERAL_NULL_CONVERSION = YES;
				CLANG_WARN_OBJC_IMPLICIT_RETAIN_SELF = YES;
				CLANG_WARN_OBJC_LITERAL_CONVERSION = YES;
				CLANG_WARN_OBJC_ROOT_CLASS = YES_ERROR;
				CLANG_WARN_QUOTED_INCLUDE_IN_FRAMEWORK_HEADER = YES;
				CLANG_WARN_RANGE_LOOP_ANALYSIS = YES;
				CLANG_WARN_STRICT_PROTOTYPES = YES;
				CLANG_WARN_SUSPICIOUS_MOVE = YES;
				CLANG_WARN_UNGUARDED_AVAILABILITY = YES_AGGRESSIVE;
				CLANG_WARN_UNREACHABLE_CODE = YES;
				CLANG_WARN__DUPLICATE_METHOD_MATCH = YES;
				COPY_PHASE_STRIP = NO;
				DEAD_CODE_STRIPPING = YES;
				DEBUG_INFORMATION_FORMAT = "dwarf-with-dsym";
				ENABLE_NS_ASSERTIONS = NO;
				ENABLE_STRICT_OBJC_MSGSEND = YES;
				ENABLE_USER_SCRIPT_SANDBOXING = YES;
				GCC_C_LANGUAGE_STANDARD = gnu17;
				GCC_NO_COMMON_BLOCKS = YES;
				GCC_WARN_64_TO_32_BIT_CONVERSION = YES;
				GCC_WARN_ABOUT_RETURN_TYPE = YES_ERROR;
				GCC_WARN_UNDECLARED_SELECTOR = YES;
				GCC_WARN_UNINITIALIZED_AUTOS = YES_AGGRESSIVE;
				GCC_WARN_UNUSED_FUNCTION = YES;
				GCC_WARN_UNUSED_VARIABLE = YES;
				LOCALIZATION_PREFERS_STRING_CATALOGS = YES;
				MTL_ENABLE_DEBUG_INFO = NO;
				MTL_FAST_MATH = YES;
				SWIFT_COMPILATION_MODE = wholemodule;
			};
			name = Release;
		};
		D7EC19452AAA0547001973BA /* Debug */ = {
			isa = XCBuildConfiguration;
			buildSettings = {
				ASSETCATALOG_COMPILER_APPICON_NAME = AppIcon;
				ASSETCATALOG_COMPILER_GLOBAL_ACCENT_COLOR_NAME = AccentColor;
				CODE_SIGN_ENTITLEMENTS = "Swiftly Chord Demo/SwiftlyChordDemo.entitlements";
				CODE_SIGN_STYLE = Automatic;
				CURRENT_PROJECT_VERSION = 1;
				DEAD_CODE_STRIPPING = YES;
				DEVELOPMENT_ASSET_PATHS = "\"Swiftly Chord Demo/Preview Content\"";
				DEVELOPMENT_TEAM = FHPCJ7396C;
				ENABLE_HARDENED_RUNTIME = YES;
				ENABLE_PREVIEWS = YES;
				ENABLE_USER_SCRIPT_SANDBOXING = NO;
				GENERATE_INFOPLIST_FILE = YES;
				"INFOPLIST_KEY_UIApplicationSceneManifest_Generation[sdk=iphoneos*]" = YES;
				"INFOPLIST_KEY_UIApplicationSceneManifest_Generation[sdk=iphonesimulator*]" = YES;
				"INFOPLIST_KEY_UIApplicationSupportsIndirectInputEvents[sdk=iphoneos*]" = YES;
				"INFOPLIST_KEY_UIApplicationSupportsIndirectInputEvents[sdk=iphonesimulator*]" = YES;
				"INFOPLIST_KEY_UILaunchScreen_Generation[sdk=iphoneos*]" = YES;
				"INFOPLIST_KEY_UILaunchScreen_Generation[sdk=iphonesimulator*]" = YES;
				"INFOPLIST_KEY_UIStatusBarStyle[sdk=iphoneos*]" = UIStatusBarStyleDefault;
				"INFOPLIST_KEY_UIStatusBarStyle[sdk=iphonesimulator*]" = UIStatusBarStyleDefault;
				INFOPLIST_KEY_UISupportedInterfaceOrientations_iPad = "UIInterfaceOrientationPortrait UIInterfaceOrientationPortraitUpsideDown UIInterfaceOrientationLandscapeLeft UIInterfaceOrientationLandscapeRight";
				INFOPLIST_KEY_UISupportedInterfaceOrientations_iPhone = "UIInterfaceOrientationPortrait UIInterfaceOrientationLandscapeLeft UIInterfaceOrientationLandscapeRight";
				IPHONEOS_DEPLOYMENT_TARGET = 17.5;
				LD_RUNPATH_SEARCH_PATHS = "@executable_path/Frameworks";
				"LD_RUNPATH_SEARCH_PATHS[sdk=macosx*]" = "@executable_path/../Frameworks";
				MACOSX_DEPLOYMENT_TARGET = 14.5;
				MARKETING_VERSION = 1.0;
				PRODUCT_BUNDLE_IDENTIFIER = nl.desbeers.SwiftlyChordDemo;
				PRODUCT_NAME = "$(TARGET_NAME)";
				SDKROOT = auto;
				SUPPORTED_PLATFORMS = "iphoneos iphonesimulator macosx xros xrsimulator";
				SUPPORTS_MACCATALYST = NO;
				SWIFT_EMIT_LOC_STRINGS = YES;
				SWIFT_STRICT_CONCURRENCY = complete;
				SWIFT_VERSION = 5.0;
				TARGETED_DEVICE_FAMILY = "2,7";
			};
			name = Debug;
		};
		D7EC19462AAA0547001973BA /* Release */ = {
			isa = XCBuildConfiguration;
			buildSettings = {
				ASSETCATALOG_COMPILER_APPICON_NAME = AppIcon;
				ASSETCATALOG_COMPILER_GLOBAL_ACCENT_COLOR_NAME = AccentColor;
				CODE_SIGN_ENTITLEMENTS = "Swiftly Chord Demo/SwiftlyChordDemo.entitlements";
				CODE_SIGN_STYLE = Automatic;
				CURRENT_PROJECT_VERSION = 1;
				DEAD_CODE_STRIPPING = YES;
				DEVELOPMENT_ASSET_PATHS = "\"Swiftly Chord Demo/Preview Content\"";
				DEVELOPMENT_TEAM = FHPCJ7396C;
				ENABLE_HARDENED_RUNTIME = YES;
				ENABLE_PREVIEWS = YES;
				ENABLE_USER_SCRIPT_SANDBOXING = NO;
				GENERATE_INFOPLIST_FILE = YES;
				"INFOPLIST_KEY_UIApplicationSceneManifest_Generation[sdk=iphoneos*]" = YES;
				"INFOPLIST_KEY_UIApplicationSceneManifest_Generation[sdk=iphonesimulator*]" = YES;
				"INFOPLIST_KEY_UIApplicationSupportsIndirectInputEvents[sdk=iphoneos*]" = YES;
				"INFOPLIST_KEY_UIApplicationSupportsIndirectInputEvents[sdk=iphonesimulator*]" = YES;
				"INFOPLIST_KEY_UILaunchScreen_Generation[sdk=iphoneos*]" = YES;
				"INFOPLIST_KEY_UILaunchScreen_Generation[sdk=iphonesimulator*]" = YES;
				"INFOPLIST_KEY_UIStatusBarStyle[sdk=iphoneos*]" = UIStatusBarStyleDefault;
				"INFOPLIST_KEY_UIStatusBarStyle[sdk=iphonesimulator*]" = UIStatusBarStyleDefault;
				INFOPLIST_KEY_UISupportedInterfaceOrientations_iPad = "UIInterfaceOrientationPortrait UIInterfaceOrientationPortraitUpsideDown UIInterfaceOrientationLandscapeLeft UIInterfaceOrientationLandscapeRight";
				INFOPLIST_KEY_UISupportedInterfaceOrientations_iPhone = "UIInterfaceOrientationPortrait UIInterfaceOrientationLandscapeLeft UIInterfaceOrientationLandscapeRight";
				IPHONEOS_DEPLOYMENT_TARGET = 17.5;
				LD_RUNPATH_SEARCH_PATHS = "@executable_path/Frameworks";
				"LD_RUNPATH_SEARCH_PATHS[sdk=macosx*]" = "@executable_path/../Frameworks";
				MACOSX_DEPLOYMENT_TARGET = 14.5;
				MARKETING_VERSION = 1.0;
				PRODUCT_BUNDLE_IDENTIFIER = nl.desbeers.SwiftlyChordDemo;
				PRODUCT_NAME = "$(TARGET_NAME)";
				SDKROOT = auto;
				SUPPORTED_PLATFORMS = "iphoneos iphonesimulator macosx xros xrsimulator";
				SUPPORTS_MACCATALYST = NO;
				SWIFT_EMIT_LOC_STRINGS = YES;
				SWIFT_STRICT_CONCURRENCY = complete;
				SWIFT_VERSION = 5.0;
				TARGETED_DEVICE_FAMILY = "2,7";
			};
			name = Release;
		};
/* End XCBuildConfiguration section */

/* Begin XCConfigurationList section */
		D7EC19302AAA0546001973BA /* Build configuration list for PBXProject "Swiftly Chord Demo" */ = {
			isa = XCConfigurationList;
			buildConfigurations = (
				D7EC19422AAA0547001973BA /* Debug */,
				D7EC19432AAA0547001973BA /* Release */,
			);
			defaultConfigurationIsVisible = 0;
			defaultConfigurationName = Release;
		};
		D7EC19442AAA0547001973BA /* Build configuration list for PBXNativeTarget "Swiftly Chord Demo" */ = {
			isa = XCConfigurationList;
			buildConfigurations = (
				D7EC19452AAA0547001973BA /* Debug */,
				D7EC19462AAA0547001973BA /* Release */,
			);
			defaultConfigurationIsVisible = 0;
			defaultConfigurationName = Release;
		};
/* End XCConfigurationList section */

/* Begin XCRemoteSwiftPackageReference section */
		D7B2B84F2AB5EEF700273ED5 /* XCRemoteSwiftPackageReference "SwiftlyChordUtilities" */ = {
			isa = XCRemoteSwiftPackageReference;
			repositoryURL = "https://github.com/Desbeers/SwiftlyChordUtilities";
			requirement = {
				branch = main;
				kind = branch;
			};
		};
/* End XCRemoteSwiftPackageReference section */

/* Begin XCSwiftPackageProductDependency section */
		D7B2B8502AB5EEF700273ED5 /* SwiftlyChordUtilities */ = {
			isa = XCSwiftPackageProductDependency;
			package = D7B2B84F2AB5EEF700273ED5 /* XCRemoteSwiftPackageReference "SwiftlyChordUtilities" */;
			productName = SwiftlyChordUtilities;
		};
/* End XCSwiftPackageProductDependency section */
	};
	rootObject = D7EC192D2AAA0546001973BA /* Project object */;
}
